<?xml version="1.0" encoding="utf-8"?>
<Project ToolsVersion="4.0" xmlns="http://schemas.microsoft.com/developer/msbuild/2003">
  <ItemGroup>
    <Filter Include="Source Files">
      <UniqueIdentifier>{4FC737F1-C7A5-4376-A066-2A32D752A2FF}</UniqueIdentifier>
      <Extensions>cpp;c;cc;cxx;c++;cppm;ixx;def;odl;idl;hpj;bat;asm;asmx</Extensions>
    </Filter>
    <Filter Include="Header Files">
      <UniqueIdentifier>{93995380-89BD-4b04-88EB-625FBE52EBFB}</UniqueIdentifier>
      <Extensions>h;hh;hpp;hxx;h++;hm;inl;inc;ipp;xsd</Extensions>
    </Filter>
    <Filter Include="Resource Files">
      <UniqueIdentifier>{67DA6AB6-F800-4c08-8B7A-83BB121AAD01}</UniqueIdentifier>
      <Extensions>rc;ico;cur;bmp;dlg;rc2;rct;bin;rgs;gif;jpg;jpeg;jpe;resx;tiff;tif;png;wav;mfcribbon-ms</Extensions>
    </Filter>
    <Filter Include="Header Files\gamelib">
      <UniqueIdentifier>{214aa7d5-7f3f-44ba-8a6f-0f1ead208840}</UniqueIdentifier>
    </Filter>
    <Filter Include="Source Files\gamelib">
      <UniqueIdentifier>{4f2d4cb9-46f4-4816-94cc-05d0ab577dcf}</UniqueIdentifier>
    </Filter>
    <Filter Include="Header Files\src">
      <UniqueIdentifier>{52bd380c-0036-4c17-9ead-fc960e72f8e3}</UniqueIdentifier>
    </Filter>
    <Filter Include="Source Files\src">
      <UniqueIdentifier>{341f3537-ff47-451f-986e-1cabe4ca7485}</UniqueIdentifier>
    </Filter>
    <Filter Include="Source Files\src\balloon">
      <UniqueIdentifier>{e475b3eb-406b-4bc8-8fe4-6e89cbb940ca}</UniqueIdentifier>
    </Filter>
    <Filter Include="Header Files\src\balloon">
      <UniqueIdentifier>{869daea5-1c50-414f-9209-9b823a4dab36}</UniqueIdentifier>
    </Filter>
  </ItemGroup>
  <ItemGroup>
    <ClCompile Include="lib\gamelib\draw_object.cpp">
      <Filter>Source Files\gamelib</Filter>
    </ClCompile>
    <ClCompile Include="lib\gamelib\physics_object.cpp">
      <Filter>Source Files\gamelib</Filter>
    </ClCompile>
    <ClCompile Include="lib\gamelib\step_object.cpp">
      <Filter>Source Files\gamelib</Filter>
    </ClCompile>
    <ClCompile Include="lib\gamelib\vector2.cpp">
      <Filter>Source Files\gamelib</Filter>
    </ClCompile>
    <ClCompile Include="lib\gamelib\aero_object.cpp">
      <Filter>Source Files\gamelib</Filter>
    </ClCompile>
    <ClCompile Include="src\game_state.cpp">
      <Filter>Source Files\src</Filter>
    </ClCompile>
    <ClCompile Include="src\main.cpp">
      <Filter>Source Files\src</Filter>
    </ClCompile>
    <ClCompile Include="lib\gamelib\input_manager.cpp">
      <Filter>Source Files\gamelib</Filter>
    </ClCompile>
    <ClCompile Include="lib\gamelib\polygon.cpp">
      <Filter>Source Files\gamelib</Filter>
    </ClCompile>
    <ClCompile Include="lib\gamelib\rectangle.cpp">
      <Filter>Source Files\gamelib</Filter>
    </ClCompile>
    <ClCompile Include="src\terrain.cpp">
      <Filter>Source Files\src</Filter>
    </ClCompile>
    <ClCompile Include="src\balloon\envelope.cpp">
      <Filter>Source Files\src\balloon</Filter>
    </ClCompile>
    <ClCompile Include="src\balloon\balloon.cpp">
      <Filter>Source Files\src\balloon</Filter>
    </ClCompile>
    <ClCompile Include="src\balloon\gondola.cpp">
      <Filter>Source Files\src\balloon</Filter>
    </ClCompile>
    <ClCompile Include="src\balloon\rope.cpp">
      <Filter>Source Files\src\balloon</Filter>
    </ClCompile>
    <ClCompile Include="src\balloon\weight.cpp">
      <Filter>Source Files\src\balloon</Filter>
    </ClCompile>
    <ClCompile Include="lib\gamelib\constants.cpp">
      <Filter>Source Files\gamelib</Filter>
    </ClCompile>
    <ClCompile Include="src\sound_manager.cpp">
      <Filter>Source Files\src</Filter>
    </ClCompile>
    <ClCompile Include="src\menu_state_flow.cpp">
      <Filter>Source Files\src</Filter>
    </ClCompile>
  </ItemGroup>
  <ItemGroup>
    <ClInclude Include="lib\gamelib\draw_object.h">
      <Filter>Header Files\gamelib</Filter>
    </ClInclude>
    <ClInclude Include="lib\gamelib\game_object.h">
      <Filter>Header Files\gamelib</Filter>
    </ClInclude>
    <ClInclude Include="lib\gamelib\input_manager.h">
      <Filter>Header Files\gamelib</Filter>
    </ClInclude>
    <ClInclude Include="lib\gamelib\physics_object.h">
      <Filter>Header Files\gamelib</Filter>
    </ClInclude>
    <ClInclude Include="lib\gamelib\step_object.h">
      <Filter>Header Files\gamelib</Filter>
    </ClInclude>
    <ClInclude Include="lib\gamelib\vector2.h">
      <Filter>Header Files\gamelib</Filter>
    </ClInclude>
    <ClInclude Include="lib\gamelib\aero_object.h">
      <Filter>Header Files\gamelib</Filter>
    </ClInclude>
    <ClInclude Include="src\game_state.h">
      <Filter>Header Files\src</Filter>
    </ClInclude>
    <ClInclude Include="lib\gamelib\polygon.h">
      <Filter>Header Files\gamelib</Filter>
    </ClInclude>
    <ClInclude Include="lib\gamelib\rectangle.h">
      <Filter>Header Files\gamelib</Filter>
    </ClInclude>
    <ClInclude Include="src\terrain.h">
      <Filter>Header Files\src</Filter>
    </ClInclude>
    <ClInclude Include="src\balloon\envelope.h">
      <Filter>Header Files\src\balloon</Filter>
    </ClInclude>
    <ClInclude Include="src\balloon\weight.h">
      <Filter>Header Files\src\balloon</Filter>
    </ClInclude>
    <ClInclude Include="src\balloon\gondola.h">
      <Filter>Header Files\src\balloon</Filter>
    </ClInclude>
    <ClInclude Include="src\balloon\rope.h">
      <Filter>Header Files\src\balloon</Filter>
    </ClInclude>
    <ClInclude Include="src\balloon\balloon.h">
      <Filter>Header Files\src\balloon</Filter>
    </ClInclude>
    <ClInclude Include="src\world_state.h">
      <Filter>Header Files\src</Filter>
    </ClInclude>
    <ClInclude Include="lib\gamelib\constants.h">
      <Filter>Header Files\gamelib</Filter>
    </ClInclude>
    <ClInclude Include="src\sound_manager.h">
      <Filter>Header Files\src</Filter>
    </ClInclude>
    <ClInclude Include="src\menu_state_flow.h">
      <Filter>Header Files\src</Filter>
    </ClInclude>
  </ItemGroup>
  <ItemGroup>
    <None Include="packages.config" />
  </ItemGroup>
</Project>